
Microsoft Visual Studio Solution File, Format Version 12.00
# Visual Studio Version 17
VisualStudioVersion = 17.6.33829.357
MinimumVisualStudioVersion = 10.0.40219.1
Project("{FAE04EC0-301F-11D3-BF4B-00C04F79EFBC}") = "Desafios1", "Desafios1\Desafios1.csproj", "{D5F19EAD-75B5-41F5-BD46-C5F4E0E8618F}"
EndProject
Global
	GlobalSection(SolutionConfigurationPlatforms) = preSolution
		Debug|Any CPU = Debug|Any CPU
		Release|Any CPU = Release|Any CPU
	EndGlobalSection
	GlobalSection(ProjectConfigurationPlatforms) = postSolution
		{D5F19EAD-75B5-41F5-BD46-C5F4E0E8618F}.Debug|Any CPU.ActiveCfg = Debug|Any CPU
		{D5F19EAD-75B5-41F5-BD46-C5F4E0E8618F}.Debug|Any CPU.Build.0 = Debug|Any CPU
		{D5F19EAD-75B5-41F5-BD46-C5F4E0E8618F}.Release|Any CPU.ActiveCfg = Release|Any CPU
		{D5F19EAD-75B5-41F5-BD46-C5F4E0E8618F}.Release|Any CPU.Build.0 = Release|Any CPU
	EndGlobalSection
	GlobalSection(SolutionProperties) = preSolution
		HideSolutionNode = FALSE
	EndGlobalSection
	GlobalSection(ExtensibilityGlobals) = postSolution
		SolutionGuid = {1D9149C2-F859-49B7-A540-AA75E084297C}
	EndGlobalSection
EndGlobal
